// !$*UTF8*$!
{
	archiveVersion = 1;
	classes = {
	};
	objectVersion = 50;
	objects = {

/* Begin PBXBuildFile section */
		27C2DDCE219D035500F229A3 /* event.swift in Sources */ = {isa = PBXBuildFile; fileRef = 27C2DDCD219D035500F229A3 /* event.swift */; };
		27C2DDD2219D036300F229A3 /* EventTableViewCell.swift in Sources */ = {isa = PBXBuildFile; fileRef = 27C2DDCF219D036300F229A3 /* EventTableViewCell.swift */; };
		27C2DDD3219D036300F229A3 /* EventTableViewController.swift in Sources */ = {isa = PBXBuildFile; fileRef = 27C2DDD0219D036300F229A3 /* EventTableViewController.swift */; };
		27C2DDD4219D036300F229A3 /* EventViewController.swift in Sources */ = {isa = PBXBuildFile; fileRef = 27C2DDD1219D036300F229A3 /* EventViewController.swift */; };
		941F33DB219CDE6600C1BEE4 /* AddContactViewController.swift in Sources */ = {isa = PBXBuildFile; fileRef = 941F33D7219CDE6600C1BEE4 /* AddContactViewController.swift */; };
		941F33DC219CDE6600C1BEE4 /* ContactDetailViewController.swift in Sources */ = {isa = PBXBuildFile; fileRef = 941F33D8219CDE6600C1BEE4 /* ContactDetailViewController.swift */; };
		941F33DD219CDE6600C1BEE4 /* ContactsViewController.swift in Sources */ = {isa = PBXBuildFile; fileRef = 941F33D9219CDE6600C1BEE4 /* ContactsViewController.swift */; };
		941F33DE219CDE6600C1BEE4 /* Contact.swift in Sources */ = {isa = PBXBuildFile; fileRef = 941F33DA219CDE6600C1BEE4 /* Contact.swift */; };
		9B4D767A1078764B0D5C2815 /* Pods_AreYouFreeUITests.framework in Frameworks */ = {isa = PBXBuildFile; fileRef = 484BC0E57818539CB4137710 /* Pods_AreYouFreeUITests.framework */; };
		C35B4E950033367F0EBC9634 /* Pods_AreYouFreeTests.framework in Frameworks */ = {isa = PBXBuildFile; fileRef = 0032E0292705E14BDA48AACE /* Pods_AreYouFreeTests.framework */; };
		DE690B6D215454AC00D3B2DE /* AppDelegate.swift in Sources */ = {isa = PBXBuildFile; fileRef = DE690B6C215454AC00D3B2DE /* AppDelegate.swift */; };
		DE690B6F215454AC00D3B2DE /* LoginViewController.swift in Sources */ = {isa = PBXBuildFile; fileRef = DE690B6E215454AC00D3B2DE /* LoginViewController.swift */; };
		DE690B72215454AC00D3B2DE /* Main.storyboard in Resources */ = {isa = PBXBuildFile; fileRef = DE690B70215454AC00D3B2DE /* Main.storyboard */; };
		DE690B74215454AD00D3B2DE /* Assets.xcassets in Resources */ = {isa = PBXBuildFile; fileRef = DE690B73215454AD00D3B2DE /* Assets.xcassets */; };
		DE690B77215454AD00D3B2DE /* LaunchScreen.storyboard in Resources */ = {isa = PBXBuildFile; fileRef = DE690B75215454AD00D3B2DE /* LaunchScreen.storyboard */; };
		DE690B82215454AE00D3B2DE /* AreYouFreeTests.swift in Sources */ = {isa = PBXBuildFile; fileRef = DE690B81215454AE00D3B2DE /* AreYouFreeTests.swift */; };
		DE690B8D215454AE00D3B2DE /* AreYouFreeUITests.swift in Sources */ = {isa = PBXBuildFile; fileRef = DE690B8C215454AE00D3B2DE /* AreYouFreeUITests.swift */; };
		DE690B9B215454DA00D3B2DE /* GoogleService-Info.plist in Resources */ = {isa = PBXBuildFile; fileRef = DE690B9A215454DA00D3B2DE /* GoogleService-Info.plist */; };
		DE7BC6CD219A7FC400E899E2 /* Extensions.swift in Sources */ = {isa = PBXBuildFile; fileRef = DE7BC6CC219A7FC400E899E2 /* Extensions.swift */; };
		DE7BC6CF219A8F4500E899E2 /* AppUtility.swift in Sources */ = {isa = PBXBuildFile; fileRef = DE7BC6CE219A8F4500E899E2 /* AppUtility.swift */; };
		DEDBC9F9219E4C4900C8C207 /* Singleton.swift in Sources */ = {isa = PBXBuildFile; fileRef = DEDBC9F8219E4C4900C8C207 /* Singleton.swift */; };
		DEDBC9FB219F8D8400C8C207 /* EditAccountViewController.swift in Sources */ = {isa = PBXBuildFile; fileRef = DEDBC9FA219F8D8400C8C207 /* EditAccountViewController.swift */; };
		DEE16F57217BD7BD000D553A /* SettingsPageViewController.swift in Sources */ = {isa = PBXBuildFile; fileRef = DEE16F56217BD7BD000D553A /* SettingsPageViewController.swift */; };
		EB5BDA0D67521EDD4F7DF0AA /* Pods_AreYouFree.framework in Frameworks */ = {isa = PBXBuildFile; fileRef = B4C1E82594434CAECDFAC824 /* Pods_AreYouFree.framework */; };
/* End PBXBuildFile section */

/* Begin PBXContainerItemProxy section */
		DE690B7E215454AE00D3B2DE /* PBXContainerItemProxy */ = {
			isa = PBXContainerItemProxy;
			containerPortal = DE690B61215454AC00D3B2DE /* Project object */;
			proxyType = 1;
			remoteGlobalIDString = DE690B68215454AC00D3B2DE;
			remoteInfo = AreYouFree;
		};
		DE690B89215454AE00D3B2DE /* PBXContainerItemProxy */ = {
			isa = PBXContainerItemProxy;
			containerPortal = DE690B61215454AC00D3B2DE /* Project object */;
			proxyType = 1;
			remoteGlobalIDString = DE690B68215454AC00D3B2DE;
			remoteInfo = AreYouFree;
		};
/* End PBXContainerItemProxy section */

/* Begin PBXFileReference section */
		0032E0292705E14BDA48AACE /* Pods_AreYouFreeTests.framework */ = {isa = PBXFileReference; explicitFileType = wrapper.framework; includeInIndex = 0; path = Pods_AreYouFreeTests.framework; sourceTree = BUILT_PRODUCTS_DIR; };
		177F8D78F0B2E0631A40B540 /* Pods-AreYouFreeTests.debug.xcconfig */ = {isa = PBXFileReference; includeInIndex = 1; lastKnownFileType = text.xcconfig; name = "Pods-AreYouFreeTests.debug.xcconfig"; path = "Pods/Target Support Files/Pods-AreYouFreeTests/Pods-AreYouFreeTests.debug.xcconfig"; sourceTree = "<group>"; };
		27C2DDCD219D035500F229A3 /* event.swift */ = {isa = PBXFileReference; fileEncoding = 4; lastKnownFileType = sourcecode.swift; path = event.swift; sourceTree = "<group>"; };
		27C2DDCF219D036300F229A3 /* EventTableViewCell.swift */ = {isa = PBXFileReference; fileEncoding = 4; lastKnownFileType = sourcecode.swift; path = EventTableViewCell.swift; sourceTree = "<group>"; };
		27C2DDD0219D036300F229A3 /* EventTableViewController.swift */ = {isa = PBXFileReference; fileEncoding = 4; lastKnownFileType = sourcecode.swift; path = EventTableViewController.swift; sourceTree = "<group>"; };
		27C2DDD1219D036300F229A3 /* EventViewController.swift */ = {isa = PBXFileReference; fileEncoding = 4; lastKnownFileType = sourcecode.swift; path = EventViewController.swift; sourceTree = "<group>"; };
		2EE058ACE044251D64953D24 /* Pods-AreYouFreeTests.release.xcconfig */ = {isa = PBXFileReference; includeInIndex = 1; lastKnownFileType = text.xcconfig; name = "Pods-AreYouFreeTests.release.xcconfig"; path = "Pods/Target Support Files/Pods-AreYouFreeTests/Pods-AreYouFreeTests.release.xcconfig"; sourceTree = "<group>"; };
		347AAD725CD919098C3B07A2 /* Pods-AreYouFree.release.xcconfig */ = {isa = PBXFileReference; includeInIndex = 1; lastKnownFileType = text.xcconfig; name = "Pods-AreYouFree.release.xcconfig"; path = "Pods/Target Support Files/Pods-AreYouFree/Pods-AreYouFree.release.xcconfig"; sourceTree = "<group>"; };
		484BC0E57818539CB4137710 /* Pods_AreYouFreeUITests.framework */ = {isa = PBXFileReference; explicitFileType = wrapper.framework; includeInIndex = 0; path = Pods_AreYouFreeUITests.framework; sourceTree = BUILT_PRODUCTS_DIR; };
		6E4AA8EF750FEE53885877E7 /* Pods-AreYouFreeUITests.release.xcconfig */ = {isa = PBXFileReference; includeInIndex = 1; lastKnownFileType = text.xcconfig; name = "Pods-AreYouFreeUITests.release.xcconfig"; path = "Pods/Target Support Files/Pods-AreYouFreeUITests/Pods-AreYouFreeUITests.release.xcconfig"; sourceTree = "<group>"; };
		941F33D7219CDE6600C1BEE4 /* AddContactViewController.swift */ = {isa = PBXFileReference; fileEncoding = 4; lastKnownFileType = sourcecode.swift; path = AddContactViewController.swift; sourceTree = "<group>"; };
		941F33D8219CDE6600C1BEE4 /* ContactDetailViewController.swift */ = {isa = PBXFileReference; fileEncoding = 4; lastKnownFileType = sourcecode.swift; path = ContactDetailViewController.swift; sourceTree = "<group>"; };
		941F33D9219CDE6600C1BEE4 /* ContactsViewController.swift */ = {isa = PBXFileReference; fileEncoding = 4; lastKnownFileType = sourcecode.swift; path = ContactsViewController.swift; sourceTree = "<group>"; };
		941F33DA219CDE6600C1BEE4 /* Contact.swift */ = {isa = PBXFileReference; fileEncoding = 4; lastKnownFileType = sourcecode.swift; path = Contact.swift; sourceTree = "<group>"; };
		A5E8DE0C0ED1F07A34F2672D /* Pods-AreYouFreeUITests.debug.xcconfig */ = {isa = PBXFileReference; includeInIndex = 1; lastKnownFileType = text.xcconfig; name = "Pods-AreYouFreeUITests.debug.xcconfig"; path = "Pods/Target Support Files/Pods-AreYouFreeUITests/Pods-AreYouFreeUITests.debug.xcconfig"; sourceTree = "<group>"; };
		B4C1E82594434CAECDFAC824 /* Pods_AreYouFree.framework */ = {isa = PBXFileReference; explicitFileType = wrapper.framework; includeInIndex = 0; path = Pods_AreYouFree.framework; sourceTree = BUILT_PRODUCTS_DIR; };
		D2BF94985AF95E438518A7CC /* Pods-AreYouFree.debug.xcconfig */ = {isa = PBXFileReference; includeInIndex = 1; lastKnownFileType = text.xcconfig; name = "Pods-AreYouFree.debug.xcconfig"; path = "Pods/Target Support Files/Pods-AreYouFree/Pods-AreYouFree.debug.xcconfig"; sourceTree = "<group>"; };
		DE358079219AB079009D3864 /* AreYouFree.entitlements */ = {isa = PBXFileReference; lastKnownFileType = text.plist.entitlements; path = AreYouFree.entitlements; sourceTree = "<group>"; };
		DE690B69215454AC00D3B2DE /* AreYouFree.app */ = {isa = PBXFileReference; explicitFileType = wrapper.application; includeInIndex = 0; path = AreYouFree.app; sourceTree = BUILT_PRODUCTS_DIR; };
		DE690B6C215454AC00D3B2DE /* AppDelegate.swift */ = {isa = PBXFileReference; lastKnownFileType = sourcecode.swift; path = AppDelegate.swift; sourceTree = "<group>"; };
		DE690B6E215454AC00D3B2DE /* LoginViewController.swift */ = {isa = PBXFileReference; lastKnownFileType = sourcecode.swift; path = LoginViewController.swift; sourceTree = "<group>"; };
		DE690B71215454AC00D3B2DE /* Base */ = {isa = PBXFileReference; lastKnownFileType = file.storyboard; name = Base; path = Base.lproj/Main.storyboard; sourceTree = "<group>"; };
		DE690B73215454AD00D3B2DE /* Assets.xcassets */ = {isa = PBXFileReference; lastKnownFileType = folder.assetcatalog; path = Assets.xcassets; sourceTree = "<group>"; };
		DE690B76215454AD00D3B2DE /* Base */ = {isa = PBXFileReference; lastKnownFileType = file.storyboard; name = Base; path = Base.lproj/LaunchScreen.storyboard; sourceTree = "<group>"; };
		DE690B78215454AD00D3B2DE /* Info.plist */ = {isa = PBXFileReference; lastKnownFileType = text.plist.xml; path = Info.plist; sourceTree = "<group>"; };
		DE690B7D215454AE00D3B2DE /* AreYouFreeTests.xctest */ = {isa = PBXFileReference; explicitFileType = wrapper.cfbundle; includeInIndex = 0; path = AreYouFreeTests.xctest; sourceTree = BUILT_PRODUCTS_DIR; };
		DE690B81215454AE00D3B2DE /* AreYouFreeTests.swift */ = {isa = PBXFileReference; lastKnownFileType = sourcecode.swift; path = AreYouFreeTests.swift; sourceTree = "<group>"; };
		DE690B83215454AE00D3B2DE /* Info.plist */ = {isa = PBXFileReference; lastKnownFileType = text.plist.xml; path = Info.plist; sourceTree = "<group>"; };
		DE690B88215454AE00D3B2DE /* AreYouFreeUITests.xctest */ = {isa = PBXFileReference; explicitFileType = wrapper.cfbundle; includeInIndex = 0; path = AreYouFreeUITests.xctest; sourceTree = BUILT_PRODUCTS_DIR; };
		DE690B8C215454AE00D3B2DE /* AreYouFreeUITests.swift */ = {isa = PBXFileReference; lastKnownFileType = sourcecode.swift; path = AreYouFreeUITests.swift; sourceTree = "<group>"; };
		DE690B8E215454AE00D3B2DE /* Info.plist */ = {isa = PBXFileReference; lastKnownFileType = text.plist.xml; path = Info.plist; sourceTree = "<group>"; };
		DE690B9A215454DA00D3B2DE /* GoogleService-Info.plist */ = {isa = PBXFileReference; fileEncoding = 4; lastKnownFileType = text.plist.xml; path = "GoogleService-Info.plist"; sourceTree = "<group>"; };
		DE7BC6CC219A7FC400E899E2 /* Extensions.swift */ = {isa = PBXFileReference; lastKnownFileType = sourcecode.swift; path = Extensions.swift; sourceTree = "<group>"; };
		DE7BC6CE219A8F4500E899E2 /* AppUtility.swift */ = {isa = PBXFileReference; lastKnownFileType = sourcecode.swift; path = AppUtility.swift; sourceTree = "<group>"; };
		DEDBC9F8219E4C4900C8C207 /* Singleton.swift */ = {isa = PBXFileReference; lastKnownFileType = sourcecode.swift; path = Singleton.swift; sourceTree = "<group>"; };
		DEDBC9FA219F8D8400C8C207 /* EditAccountViewController.swift */ = {isa = PBXFileReference; lastKnownFileType = sourcecode.swift; path = EditAccountViewController.swift; sourceTree = "<group>"; };
		DEE16F56217BD7BD000D553A /* SettingsPageViewController.swift */ = {isa = PBXFileReference; lastKnownFileType = sourcecode.swift; path = SettingsPageViewController.swift; sourceTree = "<group>"; };
/* End PBXFileReference section */

/* Begin PBXFrameworksBuildPhase section */
		DE690B66215454AC00D3B2DE /* Frameworks */ = {
			isa = PBXFrameworksBuildPhase;
			buildActionMask = 2147483647;
			files = (
				EB5BDA0D67521EDD4F7DF0AA /* Pods_AreYouFree.framework in Frameworks */,
			);
			runOnlyForDeploymentPostprocessing = 0;
		};
		DE690B7A215454AE00D3B2DE /* Frameworks */ = {
			isa = PBXFrameworksBuildPhase;
			buildActionMask = 2147483647;
			files = (
				C35B4E950033367F0EBC9634 /* Pods_AreYouFreeTests.framework in Frameworks */,
			);
			runOnlyForDeploymentPostprocessing = 0;
		};
		DE690B85215454AE00D3B2DE /* Frameworks */ = {
			isa = PBXFrameworksBuildPhase;
			buildActionMask = 2147483647;
			files = (
				9B4D767A1078764B0D5C2815 /* Pods_AreYouFreeUITests.framework in Frameworks */,
			);
			runOnlyForDeploymentPostprocessing = 0;
		};
/* End PBXFrameworksBuildPhase section */

/* Begin PBXGroup section */
		29BB6C8A3D4B8D1223FC6298 /* Frameworks */ = {
			isa = PBXGroup;
			children = (
				B4C1E82594434CAECDFAC824 /* Pods_AreYouFree.framework */,
				0032E0292705E14BDA48AACE /* Pods_AreYouFreeTests.framework */,
				484BC0E57818539CB4137710 /* Pods_AreYouFreeUITests.framework */,
			);
			name = Frameworks;
			sourceTree = "<group>";
		};
		60D15B85799F395DA776F8C8 /* Pods */ = {
			isa = PBXGroup;
			children = (
				D2BF94985AF95E438518A7CC /* Pods-AreYouFree.debug.xcconfig */,
				347AAD725CD919098C3B07A2 /* Pods-AreYouFree.release.xcconfig */,
				177F8D78F0B2E0631A40B540 /* Pods-AreYouFreeTests.debug.xcconfig */,
				2EE058ACE044251D64953D24 /* Pods-AreYouFreeTests.release.xcconfig */,
				A5E8DE0C0ED1F07A34F2672D /* Pods-AreYouFreeUITests.debug.xcconfig */,
				6E4AA8EF750FEE53885877E7 /* Pods-AreYouFreeUITests.release.xcconfig */,
			);
			name = Pods;
			sourceTree = "<group>";
		};
		941F33DF219CDE7500C1BEE4 /* Model */ = {
			isa = PBXGroup;
			children = (
				27C2DDCD219D035500F229A3 /* event.swift */,
				941F33DA219CDE6600C1BEE4 /* Contact.swift */,
				DEDBC9F8219E4C4900C8C207 /* Singleton.swift */,
			);
			path = Model;
			sourceTree = "<group>";
		};
		DE100A8D219BADFF006E6EB1 /* Controllers */ = {
			isa = PBXGroup;
			children = (
				DEDBCA00219FA42C00C8C207 /* Settings */,
				DEDBC9FE219FA40A00C8C207 /* Contacts */,
				DEDBC9FD219FA3F900C8C207 /* Events */,
				DEDBC9FC219FA3E200C8C207 /* Login */,
			);
			path = Controllers;
			sourceTree = "<group>";
		};
		DE100A8E219BAE30006E6EB1 /* UtilityScripts */ = {
			isa = PBXGroup;
			children = (
				DE7BC6CE219A8F4500E899E2 /* AppUtility.swift */,
				DE7BC6CC219A7FC400E899E2 /* Extensions.swift */,
			);
			path = UtilityScripts;
			sourceTree = "<group>";
		};
		DE690B60215454AC00D3B2DE = {
			isa = PBXGroup;
			children = (
				DE690B6B215454AC00D3B2DE /* AreYouFree */,
				DE690B80215454AE00D3B2DE /* AreYouFreeTests */,
				DE690B8B215454AE00D3B2DE /* AreYouFreeUITests */,
				DE690B6A215454AC00D3B2DE /* Products */,
				60D15B85799F395DA776F8C8 /* Pods */,
				29BB6C8A3D4B8D1223FC6298 /* Frameworks */,
			);
			sourceTree = "<group>";
		};
		DE690B6A215454AC00D3B2DE /* Products */ = {
			isa = PBXGroup;
			children = (
				DE690B69215454AC00D3B2DE /* AreYouFree.app */,
				DE690B7D215454AE00D3B2DE /* AreYouFreeTests.xctest */,
				DE690B88215454AE00D3B2DE /* AreYouFreeUITests.xctest */,
			);
			name = Products;
			sourceTree = "<group>";
		};
		DE690B6B215454AC00D3B2DE /* AreYouFree */ = {
			isa = PBXGroup;
			children = (
				941F33DF219CDE7500C1BEE4 /* Model */,
				DE100A8E219BAE30006E6EB1 /* UtilityScripts */,
				DE100A8D219BADFF006E6EB1 /* Controllers */,
				DE358079219AB079009D3864 /* AreYouFree.entitlements */,
				DE690B6C215454AC00D3B2DE /* AppDelegate.swift */,
				DE690B70215454AC00D3B2DE /* Main.storyboard */,
				DE690B73215454AD00D3B2DE /* Assets.xcassets */,
				DE690B75215454AD00D3B2DE /* LaunchScreen.storyboard */,
				DE690B78215454AD00D3B2DE /* Info.plist */,
				DE690B9A215454DA00D3B2DE /* GoogleService-Info.plist */,
			);
			path = AreYouFree;
			sourceTree = "<group>";
		};
		DE690B80215454AE00D3B2DE /* AreYouFreeTests */ = {
			isa = PBXGroup;
			children = (
				DE690B81215454AE00D3B2DE /* AreYouFreeTests.swift */,
				DE690B83215454AE00D3B2DE /* Info.plist */,
			);
			path = AreYouFreeTests;
			sourceTree = "<group>";
		};
		DE690B8B215454AE00D3B2DE /* AreYouFreeUITests */ = {
			isa = PBXGroup;
			children = (
				DE690B8C215454AE00D3B2DE /* AreYouFreeUITests.swift */,
				DE690B8E215454AE00D3B2DE /* Info.plist */,
			);
			path = AreYouFreeUITests;
			sourceTree = "<group>";
		};
		DEDBC9FC219FA3E200C8C207 /* Login */ = {
			isa = PBXGroup;
			children = (
				DE690B6E215454AC00D3B2DE /* LoginViewController.swift */,
			);
			path = Login;
			sourceTree = "<group>";
		};
		DEDBC9FD219FA3F900C8C207 /* Events */ = {
			isa = PBXGroup;
			children = (
				27C2DDCF219D036300F229A3 /* EventTableViewCell.swift */,
				27C2DDD0219D036300F229A3 /* EventTableViewController.swift */,
				27C2DDD1219D036300F229A3 /* EventViewController.swift */,
			);
			path = Events;
			sourceTree = "<group>";
		};
		DEDBC9FE219FA40A00C8C207 /* Contacts */ = {
			isa = PBXGroup;
			children = (
				941F33D7219CDE6600C1BEE4 /* AddContactViewController.swift */,
				941F33D8219CDE6600C1BEE4 /* ContactDetailViewController.swift */,
				941F33D9219CDE6600C1BEE4 /* ContactsViewController.swift */,
			);
			path = Contacts;
			sourceTree = "<group>";
		};
		DEDBCA00219FA42C00C8C207 /* Settings */ = {
			isa = PBXGroup;
			children = (
				DEE16F56217BD7BD000D553A /* SettingsPageViewController.swift */,
				DEDBC9FA219F8D8400C8C207 /* EditAccountViewController.swift */,
			);
			path = Settings;
			sourceTree = "<group>";
		};
/* End PBXGroup section */

/* Begin PBXNativeTarget section */
		DE690B68215454AC00D3B2DE /* AreYouFree */ = {
			isa = PBXNativeTarget;
			buildConfigurationList = DE690B91215454AE00D3B2DE /* Build configuration list for PBXNativeTarget "AreYouFree" */;
			buildPhases = (
				01E330074D63A523A834A7CD /* [CP] Check Pods Manifest.lock */,
				DE690B65215454AC00D3B2DE /* Sources */,
				DE690B66215454AC00D3B2DE /* Frameworks */,
				DE690B67215454AC00D3B2DE /* Resources */,
				4060D9CB28FAD293BA727A83 /* [CP] Embed Pods Frameworks */,
			);
			buildRules = (
			);
			dependencies = (
			);
			name = AreYouFree;
			productName = AreYouFree;
			productReference = DE690B69215454AC00D3B2DE /* AreYouFree.app */;
			productType = "com.apple.product-type.application";
		};
		DE690B7C215454AE00D3B2DE /* AreYouFreeTests */ = {
			isa = PBXNativeTarget;
			buildConfigurationList = DE690B94215454AE00D3B2DE /* Build configuration list for PBXNativeTarget "AreYouFreeTests" */;
			buildPhases = (
				24F079C7CF2222988A90D7E4 /* [CP] Check Pods Manifest.lock */,
				DE690B79215454AE00D3B2DE /* Sources */,
				DE690B7A215454AE00D3B2DE /* Frameworks */,
				DE690B7B215454AE00D3B2DE /* Resources */,
			);
			buildRules = (
			);
			dependencies = (
				DE690B7F215454AE00D3B2DE /* PBXTargetDependency */,
			);
			name = AreYouFreeTests;
			productName = AreYouFreeTests;
			productReference = DE690B7D215454AE00D3B2DE /* AreYouFreeTests.xctest */;
			productType = "com.apple.product-type.bundle.unit-test";
		};
		DE690B87215454AE00D3B2DE /* AreYouFreeUITests */ = {
			isa = PBXNativeTarget;
			buildConfigurationList = DE690B97215454AE00D3B2DE /* Build configuration list for PBXNativeTarget "AreYouFreeUITests" */;
			buildPhases = (
				C24A1C3A87D5C76EB7A251FE /* [CP] Check Pods Manifest.lock */,
				DE690B84215454AE00D3B2DE /* Sources */,
				DE690B85215454AE00D3B2DE /* Frameworks */,
				DE690B86215454AE00D3B2DE /* Resources */,
			);
			buildRules = (
			);
			dependencies = (
				DE690B8A215454AE00D3B2DE /* PBXTargetDependency */,
			);
			name = AreYouFreeUITests;
			productName = AreYouFreeUITests;
			productReference = DE690B88215454AE00D3B2DE /* AreYouFreeUITests.xctest */;
			productType = "com.apple.product-type.bundle.ui-testing";
		};
/* End PBXNativeTarget section */

/* Begin PBXProject section */
		DE690B61215454AC00D3B2DE /* Project object */ = {
			isa = PBXProject;
			attributes = {
				LastSwiftUpdateCheck = 1000;
				LastUpgradeCheck = 1000;
				ORGANIZATIONNAME = "SJSU CMPE137";
				TargetAttributes = {
					DE690B68215454AC00D3B2DE = {
						CreatedOnToolsVersion = 10.0;
						SystemCapabilities = {
							com.apple.Keychain = {
								enabled = 1;
							};
						};
					};
					DE690B7C215454AE00D3B2DE = {
						CreatedOnToolsVersion = 10.0;
						TestTargetID = DE690B68215454AC00D3B2DE;
					};
					DE690B87215454AE00D3B2DE = {
						CreatedOnToolsVersion = 10.0;
						TestTargetID = DE690B68215454AC00D3B2DE;
					};
				};
			};
			buildConfigurationList = DE690B64215454AC00D3B2DE /* Build configuration list for PBXProject "AreYouFree" */;
			compatibilityVersion = "Xcode 9.3";
			developmentRegion = en;
			hasScannedForEncodings = 0;
			knownRegions = (
				en,
				Base,
			);
			mainGroup = DE690B60215454AC00D3B2DE;
			productRefGroup = DE690B6A215454AC00D3B2DE /* Products */;
			projectDirPath = "";
			projectRoot = "";
			targets = (
				DE690B68215454AC00D3B2DE /* AreYouFree */,
				DE690B7C215454AE00D3B2DE /* AreYouFreeTests */,
				DE690B87215454AE00D3B2DE /* AreYouFreeUITests */,
			);
		};
/* End PBXProject section */

/* Begin PBXResourcesBuildPhase section */
		DE690B67215454AC00D3B2DE /* Resources */ = {
			isa = PBXResourcesBuildPhase;
			buildActionMask = 2147483647;
			files = (
				DE690B77215454AD00D3B2DE /* LaunchScreen.storyboard in Resources */,
				DE690B9B215454DA00D3B2DE /* GoogleService-Info.plist in Resources */,
				DE690B74215454AD00D3B2DE /* Assets.xcassets in Resources */,
				DE690B72215454AC00D3B2DE /* Main.storyboard in Resources */,
			);
			runOnlyForDeploymentPostprocessing = 0;
		};
		DE690B7B215454AE00D3B2DE /* Resources */ = {
			isa = PBXResourcesBuildPhase;
			buildActionMask = 2147483647;
			files = (
			);
			runOnlyForDeploymentPostprocessing = 0;
		};
		DE690B86215454AE00D3B2DE /* Resources */ = {
			isa = PBXResourcesBuildPhase;
			buildActionMask = 2147483647;
			files = (
			);
			runOnlyForDeploymentPostprocessing = 0;
		};
/* End PBXResourcesBuildPhase section */

/* Begin PBXShellScriptBuildPhase section */
		01E330074D63A523A834A7CD /* [CP] Check Pods Manifest.lock */ = {
			isa = PBXShellScriptBuildPhase;
			buildActionMask = 2147483647;
			files = (
			);
			inputFileListPaths = (
			);
			inputPaths = (
				"${PODS_PODFILE_DIR_PATH}/Podfile.lock",
				"${PODS_ROOT}/Manifest.lock",
			);
			name = "[CP] Check Pods Manifest.lock";
			outputFileListPaths = (
			);
			outputPaths = (
				"$(DERIVED_FILE_DIR)/Pods-AreYouFree-checkManifestLockResult.txt",
			);
			runOnlyForDeploymentPostprocessing = 0;
			shellPath = /bin/sh;
			shellScript = "diff \"${PODS_PODFILE_DIR_PATH}/Podfile.lock\" \"${PODS_ROOT}/Manifest.lock\" > /dev/null\nif [ $? != 0 ] ; then\n    # print error to STDERR\n    echo \"error: The sandbox is not in sync with the Podfile.lock. Run 'pod install' or update your CocoaPods installation.\" >&2\n    exit 1\nfi\n# This output is used by Xcode 'outputs' to avoid re-running this script phase.\necho \"SUCCESS\" > \"${SCRIPT_OUTPUT_FILE_0}\"\n";
			showEnvVarsInLog = 0;
		};
		24F079C7CF2222988A90D7E4 /* [CP] Check Pods Manifest.lock */ = {
			isa = PBXShellScriptBuildPhase;
			buildActionMask = 2147483647;
			files = (
			);
			inputFileListPaths = (
			);
			inputPaths = (
				"${PODS_PODFILE_DIR_PATH}/Podfile.lock",
				"${PODS_ROOT}/Manifest.lock",
			);
			name = "[CP] Check Pods Manifest.lock";
			outputFileListPaths = (
			);
			outputPaths = (
				"$(DERIVED_FILE_DIR)/Pods-AreYouFreeTests-checkManifestLockResult.txt",
			);
			runOnlyForDeploymentPostprocessing = 0;
			shellPath = /bin/sh;
			shellScript = "diff \"${PODS_PODFILE_DIR_PATH}/Podfile.lock\" \"${PODS_ROOT}/Manifest.lock\" > /dev/null\nif [ $? != 0 ] ; then\n    # print error to STDERR\n    echo \"error: The sandbox is not in sync with the Podfile.lock. Run 'pod install' or update your CocoaPods installation.\" >&2\n    exit 1\nfi\n# This output is used by Xcode 'outputs' to avoid re-running this script phase.\necho \"SUCCESS\" > \"${SCRIPT_OUTPUT_FILE_0}\"\n";
			showEnvVarsInLog = 0;
		};
		4060D9CB28FAD293BA727A83 /* [CP] Embed Pods Frameworks */ = {
			isa = PBXShellScriptBuildPhase;
			buildActionMask = 2147483647;
			files = (
			);
			inputFileListPaths = (
			);
			inputPaths = (
				"${SRCROOT}/Pods/Target Support Files/Pods-AreYouFree/Pods-AreYouFree-frameworks.sh",
				"${BUILT_PRODUCTS_DIR}/Bolts/Bolts.framework",
				"${BUILT_PRODUCTS_DIR}/FBSDKCoreKit/FBSDKCoreKit.framework",
				"${BUILT_PRODUCTS_DIR}/FBSDKLoginKit/FBSDKLoginKit.framework",
				"${BUILT_PRODUCTS_DIR}/GTMSessionFetcher/GTMSessionFetcher.framework",
				"${BUILT_PRODUCTS_DIR}/GoogleUtilities/GoogleUtilities.framework",
				"${BUILT_PRODUCTS_DIR}/leveldb-library/leveldb.framework",
				"${BUILT_PRODUCTS_DIR}/nanopb/nanopb.framework",
			);
			name = "[CP] Embed Pods Frameworks";
			outputFileListPaths = (
			);
			outputPaths = (
				"${TARGET_BUILD_DIR}/${FRAMEWORKS_FOLDER_PATH}/Bolts.framework",
				"${TARGET_BUILD_DIR}/${FRAMEWORKS_FOLDER_PATH}/FBSDKCoreKit.framework",
				"${TARGET_BUILD_DIR}/${FRAMEWORKS_FOLDER_PATH}/FBSDKLoginKit.framework",
				"${TARGET_BUILD_DIR}/${FRAMEWORKS_FOLDER_PATH}/GTMSessionFetcher.framework",
				"${TARGET_BUILD_DIR}/${FRAMEWORKS_FOLDER_PATH}/GoogleUtilities.framework",
				"${TARGET_BUILD_DIR}/${FRAMEWORKS_FOLDER_PATH}/leveldb.framework",
				"${TARGET_BUILD_DIR}/${FRAMEWORKS_FOLDER_PATH}/nanopb.framework",
			);
			runOnlyForDeploymentPostprocessing = 0;
			shellPath = /bin/sh;
			shellScript = "\"${SRCROOT}/Pods/Target Support Files/Pods-AreYouFree/Pods-AreYouFree-frameworks.sh\"\n";
			showEnvVarsInLog = 0;
		};
		C24A1C3A87D5C76EB7A251FE /* [CP] Check Pods Manifest.lock */ = {
			isa = PBXShellScriptBuildPhase;
			buildActionMask = 2147483647;
			files = (
			);
			inputFileListPaths = (
			);
			inputPaths = (
				"${PODS_PODFILE_DIR_PATH}/Podfile.lock",
				"${PODS_ROOT}/Manifest.lock",
			);
			name = "[CP] Check Pods Manifest.lock";
			outputFileListPaths = (
			);
			outputPaths = (
				"$(DERIVED_FILE_DIR)/Pods-AreYouFreeUITests-checkManifestLockResult.txt",
			);
			runOnlyForDeploymentPostprocessing = 0;
			shellPath = /bin/sh;
			shellScript = "diff \"${PODS_PODFILE_DIR_PATH}/Podfile.lock\" \"${PODS_ROOT}/Manifest.lock\" > /dev/null\nif [ $? != 0 ] ; then\n    # print error to STDERR\n    echo \"error: The sandbox is not in sync with the Podfile.lock. Run 'pod install' or update your CocoaPods installation.\" >&2\n    exit 1\nfi\n# This output is used by Xcode 'outputs' to avoid re-running this script phase.\necho \"SUCCESS\" > \"${SCRIPT_OUTPUT_FILE_0}\"\n";
			showEnvVarsInLog = 0;
		};
/* End PBXShellScriptBuildPhase section */

/* Begin PBXSourcesBuildPhase section */
		DE690B65215454AC00D3B2DE /* Sources */ = {
			isa = PBXSourcesBuildPhase;
			buildActionMask = 2147483647;
			files = (
				941F33DE219CDE6600C1BEE4 /* Contact.swift in Sources */,
				DEDBC9F9219E4C4900C8C207 /* Singleton.swift in Sources */,
				27C2DDD2219D036300F229A3 /* EventTableViewCell.swift in Sources */,
				27C2DDD4219D036300F229A3 /* EventViewController.swift in Sources */,
				DE690B6F215454AC00D3B2DE /* LoginViewController.swift in Sources */,
				DE690B6D215454AC00D3B2DE /* AppDelegate.swift in Sources */,
				DE7BC6CF219A8F4500E899E2 /* AppUtility.swift in Sources */,
				27C2DDCE219D035500F229A3 /* event.swift in Sources */,
				941F33DC219CDE6600C1BEE4 /* ContactDetailViewController.swift in Sources */,
				941F33DB219CDE6600C1BEE4 /* AddContactViewController.swift in Sources */,
				941F33DD219CDE6600C1BEE4 /* ContactsViewController.swift in Sources */,
				DEE16F57217BD7BD000D553A /* SettingsPageViewController.swift in Sources */,
				DEDBC9FB219F8D8400C8C207 /* EditAccountViewController.swift in Sources */,
				27C2DDD3219D036300F229A3 /* EventTableViewController.swift in Sources */,
				DE7BC6CD219A7FC400E899E2 /* Extensions.swift in Sources */,
			);
			runOnlyForDeploymentPostprocessing = 0;
		};
		DE690B79215454AE00D3B2DE /* Sources */ = {
			isa = PBXSourcesBuildPhase;
			buildActionMask = 2147483647;
			files = (
				DE690B82215454AE00D3B2DE /* AreYouFreeTests.swift in Sources */,
			);
			runOnlyForDeploymentPostprocessing = 0;
		};
		DE690B84215454AE00D3B2DE /* Sources */ = {
			isa = PBXSourcesBuildPhase;
			buildActionMask = 2147483647;
			files = (
				DE690B8D215454AE00D3B2DE /* AreYouFreeUITests.swift in Sources */,
			);
			runOnlyForDeploymentPostprocessing = 0;
		};
/* End PBXSourcesBuildPhase section */

/* Begin PBXTargetDependency section */
		DE690B7F215454AE00D3B2DE /* PBXTargetDependency */ = {
			isa = PBXTargetDependency;
			target = DE690B68215454AC00D3B2DE /* AreYouFree */;
			targetProxy = DE690B7E215454AE00D3B2DE /* PBXContainerItemProxy */;
		};
		DE690B8A215454AE00D3B2DE /* PBXTargetDependency */ = {
			isa = PBXTargetDependency;
			target = DE690B68215454AC00D3B2DE /* AreYouFree */;
			targetProxy = DE690B89215454AE00D3B2DE /* PBXContainerItemProxy */;
		};
/* End PBXTargetDependency section */

/* Begin PBXVariantGroup section */
		DE690B70215454AC00D3B2DE /* Main.storyboard */ = {
			isa = PBXVariantGroup;
			children = (
				DE690B71215454AC00D3B2DE /* Base */,
			);
			name = Main.storyboard;
			sourceTree = "<group>";
		};
		DE690B75215454AD00D3B2DE /* LaunchScreen.storyboard */ = {
			isa = PBXVariantGroup;
			children = (
				DE690B76215454AD00D3B2DE /* Base */,
			);
			name = LaunchScreen.storyboard;
			sourceTree = "<group>";
		};
/* End PBXVariantGroup section */

/* Begin XCBuildConfiguration section */
		DE690B8F215454AE00D3B2DE /* Debug */ = {
			isa = XCBuildConfiguration;
			buildSettings = {
				ALWAYS_SEARCH_USER_PATHS = NO;
				CLANG_ANALYZER_NONNULL = YES;
				CLANG_ANALYZER_NUMBER_OBJECT_CONVERSION = YES_AGGRESSIVE;
				CLANG_CXX_LANGUAGE_STANDARD = "gnu++14";
				CLANG_CXX_LIBRARY = "libc++";
				CLANG_ENABLE_MODULES = YES;
				CLANG_ENABLE_OBJC_ARC = YES;
				CLANG_ENABLE_OBJC_WEAK = YES;
				CLANG_WARN_BLOCK_CAPTURE_AUTORELEASING = YES;
				CLANG_WARN_BOOL_CONVERSION = YES;
				CLANG_WARN_COMMA = YES;
				CLANG_WARN_CONSTANT_CONVERSION = YES;
				CLANG_WARN_DEPRECATED_OBJC_IMPLEMENTATIONS = YES;
				CLANG_WARN_DIRECT_OBJC_ISA_USAGE = YES_ERROR;
				CLANG_WARN_DOCUMENTATION_COMMENTS = YES;
				CLANG_WARN_EMPTY_BODY = YES;
				CLANG_WARN_ENUM_CONVERSION = YES;
				CLANG_WARN_INFINITE_RECURSION = YES;
				CLANG_WARN_INT_CONVERSION = YES;
				CLANG_WARN_NON_LITERAL_NULL_CONVERSION = YES;
				CLANG_WARN_OBJC_IMPLICIT_RETAIN_SELF = YES;
				CLANG_WARN_OBJC_LITERAL_CONVERSION = YES;
				CLANG_WARN_OBJC_ROOT_CLASS = YES_ERROR;
				CLANG_WARN_RANGE_LOOP_ANALYSIS = YES;
				CLANG_WARN_STRICT_PROTOTYPES = YES;
				CLANG_WARN_SUSPICIOUS_MOVE = YES;
				CLANG_WARN_UNGUARDED_AVAILABILITY = YES_AGGRESSIVE;
				CLANG_WARN_UNREACHABLE_CODE = YES;
				CLANG_WARN__DUPLICATE_METHOD_MATCH = YES;
				CODE_SIGN_IDENTITY = "iPhone Developer";
				COPY_PHASE_STRIP = NO;
				DEBUG_INFORMATION_FORMAT = dwarf;
				ENABLE_STRICT_OBJC_MSGSEND = YES;
				ENABLE_TESTABILITY = YES;
				GCC_C_LANGUAGE_STANDARD = gnu11;
				GCC_DYNAMIC_NO_PIC = NO;
				GCC_NO_COMMON_BLOCKS = YES;
				GCC_OPTIMIZATION_LEVEL = 0;
				GCC_PREPROCESSOR_DEFINITIONS = (
					"DEBUG=1",
					"$(inherited)",
				);
				GCC_WARN_64_TO_32_BIT_CONVERSION = YES;
				GCC_WARN_ABOUT_RETURN_TYPE = YES_ERROR;
				GCC_WARN_UNDECLARED_SELECTOR = YES;
				GCC_WARN_UNINITIALIZED_AUTOS = YES_AGGRESSIVE;
				GCC_WARN_UNUSED_FUNCTION = YES;
				GCC_WARN_UNUSED_VARIABLE = YES;
				IPHONEOS_DEPLOYMENT_TARGET = 12.0;
				MTL_ENABLE_DEBUG_INFO = INCLUDE_SOURCE;
				MTL_FAST_MATH = YES;
				ONLY_ACTIVE_ARCH = YES;
				SDKROOT = iphoneos;
				SWIFT_ACTIVE_COMPILATION_CONDITIONS = DEBUG;
				SWIFT_OPTIMIZATION_LEVEL = "-Onone";
			};
			name = Debug;
		};
		DE690B90215454AE00D3B2DE /* Release */ = {
			isa = XCBuildConfiguration;
			buildSettings = {
				ALWAYS_SEARCH_USER_PATHS = NO;
				CLANG_ANALYZER_NONNULL = YES;
				CLANG_ANALYZER_NUMBER_OBJECT_CONVERSION = YES_AGGRESSIVE;
				CLANG_CXX_LANGUAGE_STANDARD = "gnu++14";
				CLANG_CXX_LIBRARY = "libc++";
				CLANG_ENABLE_MODULES = YES;
				CLANG_ENABLE_OBJC_ARC = YES;
				CLANG_ENABLE_OBJC_WEAK = YES;
				CLANG_WARN_BLOCK_CAPTURE_AUTORELEASING = YES;
				CLANG_WARN_BOOL_CONVERSION = YES;
				CLANG_WARN_COMMA = YES;
				CLANG_WARN_CONSTANT_CONVERSION = YES;
				CLANG_WARN_DEPRECATED_OBJC_IMPLEMENTATIONS = YES;
				CLANG_WARN_DIRECT_OBJC_ISA_USAGE = YES_ERROR;
				CLANG_WARN_DOCUMENTATION_COMMENTS = YES;
				CLANG_WARN_EMPTY_BODY = YES;
				CLANG_WARN_ENUM_CONVERSION = YES;
				CLANG_WARN_INFINITE_RECURSION = YES;
				CLANG_WARN_INT_CONVERSION = YES;
				CLANG_WARN_NON_LITERAL_NULL_CONVERSION = YES;
				CLANG_WARN_OBJC_IMPLICIT_RETAIN_SELF = YES;
				CLANG_WARN_OBJC_LITERAL_CONVERSION = YES;
				CLANG_WARN_OBJC_ROOT_CLASS = YES_ERROR;
				CLANG_WARN_RANGE_LOOP_ANALYSIS = YES;
				CLANG_WARN_STRICT_PROTOTYPES = YES;
				CLANG_WARN_SUSPICIOUS_MOVE = YES;
				CLANG_WARN_UNGUARDED_AVAILABILITY = YES_AGGRESSIVE;
				CLANG_WARN_UNREACHABLE_CODE = YES;
				CLANG_WARN__DUPLICATE_METHOD_MATCH = YES;
				CODE_SIGN_IDENTITY = "iPhone Developer";
				COPY_PHASE_STRIP = NO;
				DEBUG_INFORMATION_FORMAT = "dwarf-with-dsym";
				ENABLE_NS_ASSERTIONS = NO;
				ENABLE_STRICT_OBJC_MSGSEND = YES;
				GCC_C_LANGUAGE_STANDARD = gnu11;
				GCC_NO_COMMON_BLOCKS = YES;
				GCC_WARN_64_TO_32_BIT_CONVERSION = YES;
				GCC_WARN_ABOUT_RETURN_TYPE = YES_ERROR;
				GCC_WARN_UNDECLARED_SELECTOR = YES;
				GCC_WARN_UNINITIALIZED_AUTOS = YES_AGGRESSIVE;
				GCC_WARN_UNUSED_FUNCTION = YES;
				GCC_WARN_UNUSED_VARIABLE = YES;
				IPHONEOS_DEPLOYMENT_TARGET = 12.0;
				MTL_ENABLE_DEBUG_INFO = NO;
				MTL_FAST_MATH = YES;
				SDKROOT = iphoneos;
				SWIFT_COMPILATION_MODE = wholemodule;
				SWIFT_OPTIMIZATION_LEVEL = "-O";
				VALIDATE_PRODUCT = YES;
			};
			name = Release;
		};
		DE690B92215454AE00D3B2DE /* Debug */ = {
			isa = XCBuildConfiguration;
			baseConfigurationReference = D2BF94985AF95E438518A7CC /* Pods-AreYouFree.debug.xcconfig */;
			buildSettings = {
				ASSETCATALOG_COMPILER_APPICON_NAME = AppIcon;
				CODE_SIGN_ENTITLEMENTS = AreYouFree/AreYouFree.entitlements;
				CODE_SIGN_STYLE = Automatic;
				DEVELOPMENT_TEAM = 6WA6Y7KBQJ;
				INFOPLIST_FILE = AreYouFree/Info.plist;
				LD_RUNPATH_SEARCH_PATHS = (
					"$(inherited)",
					"@executable_path/Frameworks",
				);
				PRODUCT_BUNDLE_IDENTIFIER = edu.sjsu.cmpe137.AreYouFree;
				PRODUCT_NAME = "$(TARGET_NAME)";
				SWIFT_VERSION = 4.2;
				TARGETED_DEVICE_FAMILY = "1,2";
			};
			name = Debug;
		};
		DE690B93215454AE00D3B2DE /* Release */ = {
			isa = XCBuildConfiguration;
			baseConfigurationReference = 347AAD725CD919098C3B07A2 /* Pods-AreYouFree.release.xcconfig */;
			buildSettings = {
				ASSETCATALOG_COMPILER_APPICON_NAME = AppIcon;
				CODE_SIGN_ENTITLEMENTS = AreYouFree/AreYouFree.entitlements;
				CODE_SIGN_STYLE = Automatic;
				DEVELOPMENT_TEAM = 6WA6Y7KBQJ;
				INFOPLIST_FILE = AreYouFree/Info.plist;
				LD_RUNPATH_SEARCH_PATHS = (
					"$(inherited)",
					"@executable_path/Frameworks",
				);
				PRODUCT_BUNDLE_IDENTIFIER = edu.sjsu.cmpe137.AreYouFree;
				PRODUCT_NAME = "$(TARGET_NAME)";
				SWIFT_VERSION = 4.2;
				TARGETED_DEVICE_FAMILY = "1,2";
			};
			name = Release;
		};
		DE690B95215454AE00D3B2DE /* Debug */ = {
			isa = XCBuildConfiguration;
			baseConfigurationReference = 177F8D78F0B2E0631A40B540 /* Pods-AreYouFreeTests.debug.xcconfig */;
			buildSettings = {
				ALWAYS_EMBED_SWIFT_STANDARD_LIBRARIES = YES;
				BUNDLE_LOADER = "$(TEST_HOST)";
				CODE_SIGN_STYLE = Automatic;
				DEVELOPMENT_TEAM = 6WA6Y7KBQJ;
				INFOPLIST_FILE = AreYouFreeTests/Info.plist;
				LD_RUNPATH_SEARCH_PATHS = (
					"$(inherited)",
					"@executable_path/Frameworks",
					"@loader_path/Frameworks",
				);
				PRODUCT_BUNDLE_IDENTIFIER = edu.sjsu.cmpe137.AreYouFreeTests;
				PRODUCT_NAME = "$(TARGET_NAME)";
				SWIFT_VERSION = 4.2;
				TARGETED_DEVICE_FAMILY = "1,2";
				TEST_HOST = "$(BUILT_PRODUCTS_DIR)/AreYouFree.app/AreYouFree";
			};
			name = Debug;
		};
		DE690B96215454AE00D3B2DE /* Release */ = {
			isa = XCBuildConfiguration;
			baseConfigurationReference = 2EE058ACE044251D64953D24 /* Pods-AreYouFreeTests.release.xcconfig */;
			buildSettings = {
				ALWAYS_EMBED_SWIFT_STANDARD_LIBRARIES = YES;
				BUNDLE_LOADER = "$(TEST_HOST)";
				CODE_SIGN_STYLE = Automatic;
				DEVELOPMENT_TEAM = 6WA6Y7KBQJ;
				INFOPLIST_FILE = AreYouFreeTests/Info.plist;
				LD_RUNPATH_SEARCH_PATHS = (
					"$(inherited)",
					"@executable_path/Frameworks",
					"@loader_path/Frameworks",
				);
				PRODUCT_BUNDLE_IDENTIFIER = edu.sjsu.cmpe137.AreYouFreeTests;
				PRODUCT_NAME = "$(TARGET_NAME)";
				SWIFT_VERSION = 4.2;
				TARGETED_DEVICE_FAMILY = "1,2";
				TEST_HOST = "$(BUILT_PRODUCTS_DIR)/AreYouFree.app/AreYouFree";
			};
			name = Release;
		};
		DE690B98215454AE00D3B2DE /* Debug */ = {
			isa = XCBuildConfiguration;
			baseConfigurationReference = A5E8DE0C0ED1F07A34F2672D /* Pods-AreYouFreeUITests.debug.xcconfig */;
			buildSettings = {
				ALWAYS_EMBED_SWIFT_STANDARD_LIBRARIES = YES;
				CODE_SIGN_STYLE = Automatic;
				DEVELOPMENT_TEAM = 6WA6Y7KBQJ;
				INFOPLIST_FILE = AreYouFreeUITests/Info.plist;
				LD_RUNPATH_SEARCH_PATHS = (
					"$(inherited)",
					"@executable_path/Frameworks",
					"@loader_path/Frameworks",
				);
				PRODUCT_BUNDLE_IDENTIFIER = edu.sjsu.cmpe137.AreYouFreeUITests;
				PRODUCT_NAME = "$(TARGET_NAME)";
				SWIFT_VERSION = 4.2;
				TARGETED_DEVICE_FAMILY = "1,2";
				TEST_TARGET_NAME = AreYouFree;
			};
			name = Debug;
		};
		DE690B99215454AE00D3B2DE /* Release */ = {
			isa = XCBuildConfiguration;
			baseConfigurationReference = 6E4AA8EF750FEE53885877E7 /* Pods-AreYouFreeUITests.release.xcconfig */;
			buildSettings = {
				ALWAYS_EMBED_SWIFT_STANDARD_LIBRARIES = YES;
				CODE_SIGN_STYLE = Automatic;
				DEVELOPMENT_TEAM = 6WA6Y7KBQJ;
				INFOPLIST_FILE = AreYouFreeUITests/Info.plist;
				LD_RUNPATH_SEARCH_PATHS = (
					"$(inherited)",
					"@executable_path/Frameworks",
					"@loader_path/Frameworks",
				);
				PRODUCT_BUNDLE_IDENTIFIER = edu.sjsu.cmpe137.AreYouFreeUITests;
				PRODUCT_NAME = "$(TARGET_NAME)";
				SWIFT_VERSION = 4.2;
				TARGETED_DEVICE_FAMILY = "1,2";
				TEST_TARGET_NAME = AreYouFree;
			};
			name = Release;
		};
/* End XCBuildConfiguration section */

/* Begin XCConfigurationList section */
		DE690B64215454AC00D3B2DE /* Build configuration list for PBXProject "AreYouFree" */ = {
			isa = XCConfigurationList;
			buildConfigurations = (
				DE690B8F215454AE00D3B2DE /* Debug */,
				DE690B90215454AE00D3B2DE /* Release */,
			);
			defaultConfigurationIsVisible = 0;
			defaultConfigurationName = Release;
		};
		DE690B91215454AE00D3B2DE /* Build configuration list for PBXNativeTarget "AreYouFree" */ = {
			isa = XCConfigurationList;
			buildConfigurations = (
				DE690B92215454AE00D3B2DE /* Debug */,
				DE690B93215454AE00D3B2DE /* Release */,
			);
			defaultConfigurationIsVisible = 0;
			defaultConfigurationName = Release;
		};
		DE690B94215454AE00D3B2DE /* Build configuration list for PBXNativeTarget "AreYouFreeTests" */ = {
			isa = XCConfigurationList;
			buildConfigurations = (
				DE690B95215454AE00D3B2DE /* Debug */,
				DE690B96215454AE00D3B2DE /* Release */,
			);
			defaultConfigurationIsVisible = 0;
			defaultConfigurationName = Release;
		};
		DE690B97215454AE00D3B2DE /* Build configuration list for PBXNativeTarget "AreYouFreeUITests" */ = {
			isa = XCConfigurationList;
			buildConfigurations = (
				DE690B98215454AE00D3B2DE /* Debug */,
				DE690B99215454AE00D3B2DE /* Release */,
			);
			defaultConfigurationIsVisible = 0;
			defaultConfigurationName = Release;
		};
/* End XCConfigurationList section */
	};
	rootObject = DE690B61215454AC00D3B2DE /* Project object */;
}
